
Microsoft Visual Studio Solution File, Format Version 12.00
# Visual Studio Version 16
VisualStudioVersion = 16.0.30804.86
MinimumVisualStudioVersion = 10.0.40219.1
Project("{9A19103F-16F7-4668-BE54-9A1E7A4F7556}") = "Exer1", "28122020\Exer1.csproj", "{FF9E2E31-E763-4703-B29D-FA969D18FE69}"
EndProject
Project("{9A19103F-16F7-4668-BE54-9A1E7A4F7556}") = "Exer2", "Exer2\Exer2.csproj", "{7BCCFB3F-F635-4936-9FE2-07DE3F1040F4}"
EndProject
Project("{9A19103F-16F7-4668-BE54-9A1E7A4F7556}") = "Exer3", "Exer3\Exer3.csproj", "{252B2790-DE82-4A20-BFD2-C5B647EA87F0}"
EndProject
Project("{9A19103F-16F7-4668-BE54-9A1E7A4F7556}") = "Exer4", "Exer4\Exer4.csproj", "{C7B5DA15-C388-437E-8A3F-813A90A90D1D}"
EndProject
Project("{9A19103F-16F7-4668-BE54-9A1E7A4F7556}") = "Exer5", "Exer5\Exer5.csproj", "{51ED1D51-C31B-4721-BD43-03BE9A57196D}"
EndProject
Project("{9A19103F-16F7-4668-BE54-9A1E7A4F7556}") = "Exer6", "Exer6\Exer6.csproj", "{BE081C9D-318D-4A8E-8716-708D2529811C}"
EndProject
Project("{9A19103F-16F7-4668-BE54-9A1E7A4F7556}") = "Exer7", "Exer7\Exer7.csproj", "{0001FE51-0E2A-406E-A2D1-4401312B1AEA}"
EndProject
Project("{9A19103F-16F7-4668-BE54-9A1E7A4F7556}") = "Exer8", "Exer8\Exer8.csproj", "{7FD78AA7-1B6F-4513-8286-E280ACEB40EB}"
EndProject
Project("{9A19103F-16F7-4668-BE54-9A1E7A4F7556}") = "Exer9", "Exer9\Exer9.csproj", "{2C2D61C9-B92C-445A-99C7-371E058E767C}"
EndProject
Project("{9A19103F-16F7-4668-BE54-9A1E7A4F7556}") = "Exer10", "Exer10\Exer10.csproj", "{06F7F094-4143-4759-9705-C3B5FD5207C3}"
EndProject
Project("{9A19103F-16F7-4668-BE54-9A1E7A4F7556}") = "Exer11", "Exer11\Exer11.csproj", "{5F66C065-8C6E-4632-AC65-E900842B3641}"
EndProject
Project("{9A19103F-16F7-4668-BE54-9A1E7A4F7556}") = "Exer12", "Exer12\Exer12.csproj", "{6AC900E4-0017-44F3-91A7-AFF85F0C7D25}"
EndProject
Project("{9A19103F-16F7-4668-BE54-9A1E7A4F7556}") = "Exer13", "Exer13\Exer13.csproj", "{348A5C04-DF7D-4675-BD3D-FA971298DF72}"
EndProject
Project("{9A19103F-16F7-4668-BE54-9A1E7A4F7556}") = "Exer14", "Exer14\Exer14.csproj", "{EF3B1563-5ABD-415C-80D8-6845FF92CB2F}"
EndProject
Project("{9A19103F-16F7-4668-BE54-9A1E7A4F7556}") = "Exer15", "Exer15\Exer15.csproj", "{92BFEAB7-DA7D-4C60-92D0-B03AF210F586}"
EndProject
Project("{9A19103F-16F7-4668-BE54-9A1E7A4F7556}") = "Exer16", "Exer16\Exer16.csproj", "{54497E66-21A9-4A17-951E-D3A5D5FB23F4}"
EndProject
Project("{9A19103F-16F7-4668-BE54-9A1E7A4F7556}") = "Exer17", "Exer17\Exer17.csproj", "{F7DB8F30-B206-4961-A6B8-D1E64D0F5F03}"
EndProject
Project("{9A19103F-16F7-4668-BE54-9A1E7A4F7556}") = "Exer18", "Exer18\Exer18.csproj", "{A5C03D83-A23A-4071-810F-5DCE3AE3F724}"
EndProject
Project("{9A19103F-16F7-4668-BE54-9A1E7A4F7556}") = "Exer19", "Exer19\Exer19.csproj", "{2099234D-2C8B-4BDE-8D5E-356D887CE02C}"
EndProject
Project("{9A19103F-16F7-4668-BE54-9A1E7A4F7556}") = "Exer20", "Exer20\Exer20.csproj", "{DE22E961-AABD-4C6D-90CF-19AAFC15291F}"
EndProject
Project("{9A19103F-16F7-4668-BE54-9A1E7A4F7556}") = "Exer21", "Exer21\Exer21.csproj", "{DD4767F1-90C8-4886-A80E-25D1CAE33F9E}"
EndProject
Project("{9A19103F-16F7-4668-BE54-9A1E7A4F7556}") = "Exer22", "Exer22\Exer22.csproj", "{4299C23B-3ED2-4D04-9CF5-CEA4F6081AAB}"
EndProject
Project("{9A19103F-16F7-4668-BE54-9A1E7A4F7556}") = "Exer23", "Exer23\Exer23.csproj", "{A0B0DEA4-B751-4D79-86F3-5EA03CB86BF0}"
EndProject
Project("{9A19103F-16F7-4668-BE54-9A1E7A4F7556}") = "Exer24", "Exer24\Exer24.csproj", "{D0054B4D-07B0-4885-AEDF-74538E607242}"
EndProject
Project("{9A19103F-16F7-4668-BE54-9A1E7A4F7556}") = "Exer25", "Exer25\Exer25.csproj", "{B8EF57C2-D33F-4EEB-987F-7BDB948C2ADF}"
EndProject
Project("{9A19103F-16F7-4668-BE54-9A1E7A4F7556}") = "Exer26", "Exer26\Exer26.csproj", "{37BF967B-D1E4-47BD-93B4-5A64F70B08AB}"
EndProject
Project("{9A19103F-16F7-4668-BE54-9A1E7A4F7556}") = "Exer27", "Exer27\Exer27.csproj", "{1261506C-4341-4161-BA5F-302F21495602}"
EndProject
Project("{9A19103F-16F7-4668-BE54-9A1E7A4F7556}") = "Exer28", "Exer28\Exer28.csproj", "{6B09AD29-881B-4B12-BE6E-65CE118F2BC6}"
EndProject
Project("{9A19103F-16F7-4668-BE54-9A1E7A4F7556}") = "Exer29", "Exer29\Exer29.csproj", "{21B03D5B-619C-4975-9FA4-C2D6544538B2}"
EndProject
Project("{9A19103F-16F7-4668-BE54-9A1E7A4F7556}") = "Exer30", "Exer30\Exer30.csproj", "{E15381D4-BFA8-4518-AD31-B3FD47AC8F41}"
EndProject
Project("{9A19103F-16F7-4668-BE54-9A1E7A4F7556}") = "Exer31", "Exer31\Exer31.csproj", "{462D820A-38D3-4CE5-893D-A4B1794BE345}"
EndProject
Project("{9A19103F-16F7-4668-BE54-9A1E7A4F7556}") = "Exer32", "Exer32\Exer32.csproj", "{3FD4DC91-BB51-4016-8718-59952BE8AA3F}"
EndProject
Project("{9A19103F-16F7-4668-BE54-9A1E7A4F7556}") = "Exer33", "Exer33\Exer33.csproj", "{800CE72E-CD39-40EC-8CBE-23016E080EC0}"
EndProject
Project("{9A19103F-16F7-4668-BE54-9A1E7A4F7556}") = "Exer34", "Exer34\Exer34.csproj", "{17F921C2-720D-4327-9B85-254AE9CFBACB}"
EndProject
Project("{9A19103F-16F7-4668-BE54-9A1E7A4F7556}") = "Exer35", "Exer35\Exer35.csproj", "{31960AB6-F182-41F1-B268-9C72B27FF9D2}"
EndProject
Project("{9A19103F-16F7-4668-BE54-9A1E7A4F7556}") = "Exer36", "Exer36\Exer36.csproj", "{09E68D03-01A9-459C-9579-C729DFD882D7}"
EndProject
Project("{9A19103F-16F7-4668-BE54-9A1E7A4F7556}") = "Exer37", "Exer37\Exer37.csproj", "{A5904C00-902B-40B2-9DD0-D2CD20834C1F}"
EndProject
Project("{9A19103F-16F7-4668-BE54-9A1E7A4F7556}") = "Exer38", "Exer38\Exer38.csproj", "{677ABE59-F67C-4383-A6E8-42946229DF8A}"
EndProject
Project("{9A19103F-16F7-4668-BE54-9A1E7A4F7556}") = "Exer39", "Exer39\Exer39.csproj", "{5AD81B36-CB78-47AB-B4A5-AB6086F9D7DD}"
EndProject
Project("{9A19103F-16F7-4668-BE54-9A1E7A4F7556}") = "Exer40", "Exer40\Exer40.csproj", "{5C69FD11-E4E1-40F4-848F-C1EA83C1B278}"
EndProject
Project("{9A19103F-16F7-4668-BE54-9A1E7A4F7556}") = "ExemploTratamentoErros", "ExemploTratamentoErros\ExemploTratamentoErros.csproj", "{BC2A8C4A-1564-43E3-81EF-447B8AD7399E}"
EndProject
Global
	GlobalSection(SolutionConfigurationPlatforms) = preSolution
		Debug|Any CPU = Debug|Any CPU
		Release|Any CPU = Release|Any CPU
	EndGlobalSection
	GlobalSection(ProjectConfigurationPlatforms) = postSolution
		{FF9E2E31-E763-4703-B29D-FA969D18FE69}.Debug|Any CPU.ActiveCfg = Debug|Any CPU
		{FF9E2E31-E763-4703-B29D-FA969D18FE69}.Debug|Any CPU.Build.0 = Debug|Any CPU
		{FF9E2E31-E763-4703-B29D-FA969D18FE69}.Release|Any CPU.ActiveCfg = Release|Any CPU
		{FF9E2E31-E763-4703-B29D-FA969D18FE69}.Release|Any CPU.Build.0 = Release|Any CPU
		{7BCCFB3F-F635-4936-9FE2-07DE3F1040F4}.Debug|Any CPU.ActiveCfg = Debug|Any CPU
		{7BCCFB3F-F635-4936-9FE2-07DE3F1040F4}.Debug|Any CPU.Build.0 = Debug|Any CPU
		{7BCCFB3F-F635-4936-9FE2-07DE3F1040F4}.Release|Any CPU.ActiveCfg = Release|Any CPU
		{7BCCFB3F-F635-4936-9FE2-07DE3F1040F4}.Release|Any CPU.Build.0 = Release|Any CPU
		{252B2790-DE82-4A20-BFD2-C5B647EA87F0}.Debug|Any CPU.ActiveCfg = Debug|Any CPU
		{252B2790-DE82-4A20-BFD2-C5B647EA87F0}.Debug|Any CPU.Build.0 = Debug|Any CPU
		{252B2790-DE82-4A20-BFD2-C5B647EA87F0}.Release|Any CPU.ActiveCfg = Release|Any CPU
		{252B2790-DE82-4A20-BFD2-C5B647EA87F0}.Release|Any CPU.Build.0 = Release|Any CPU
		{C7B5DA15-C388-437E-8A3F-813A90A90D1D}.Debug|Any CPU.ActiveCfg = Debug|Any CPU
		{C7B5DA15-C388-437E-8A3F-813A90A90D1D}.Debug|Any CPU.Build.0 = Debug|Any CPU
		{C7B5DA15-C388-437E-8A3F-813A90A90D1D}.Release|Any CPU.ActiveCfg = Release|Any CPU
		{C7B5DA15-C388-437E-8A3F-813A90A90D1D}.Release|Any CPU.Build.0 = Release|Any CPU
		{51ED1D51-C31B-4721-BD43-03BE9A57196D}.Debug|Any CPU.ActiveCfg = Debug|Any CPU
		{51ED1D51-C31B-4721-BD43-03BE9A57196D}.Debug|Any CPU.Build.0 = Debug|Any CPU
		{51ED1D51-C31B-4721-BD43-03BE9A57196D}.Release|Any CPU.ActiveCfg = Release|Any CPU
		{51ED1D51-C31B-4721-BD43-03BE9A57196D}.Release|Any CPU.Build.0 = Release|Any CPU
		{BE081C9D-318D-4A8E-8716-708D2529811C}.Debug|Any CPU.ActiveCfg = Debug|Any CPU
		{BE081C9D-318D-4A8E-8716-708D2529811C}.Debug|Any CPU.Build.0 = Debug|Any CPU
		{BE081C9D-318D-4A8E-8716-708D2529811C}.Release|Any CPU.ActiveCfg = Release|Any CPU
		{BE081C9D-318D-4A8E-8716-708D2529811C}.Release|Any CPU.Build.0 = Release|Any CPU
		{0001FE51-0E2A-406E-A2D1-4401312B1AEA}.Debug|Any CPU.ActiveCfg = Debug|Any CPU
		{0001FE51-0E2A-406E-A2D1-4401312B1AEA}.Debug|Any CPU.Build.0 = Debug|Any CPU
		{0001FE51-0E2A-406E-A2D1-4401312B1AEA}.Release|Any CPU.ActiveCfg = Release|Any CPU
		{0001FE51-0E2A-406E-A2D1-4401312B1AEA}.Release|Any CPU.Build.0 = Release|Any CPU
		{7FD78AA7-1B6F-4513-8286-E280ACEB40EB}.Debug|Any CPU.ActiveCfg = Debug|Any CPU
		{7FD78AA7-1B6F-4513-8286-E280ACEB40EB}.Debug|Any CPU.Build.0 = Debug|Any CPU
		{7FD78AA7-1B6F-4513-8286-E280ACEB40EB}.Release|Any CPU.ActiveCfg = Release|Any CPU
		{7FD78AA7-1B6F-4513-8286-E280ACEB40EB}.Release|Any CPU.Build.0 = Release|Any CPU
		{2C2D61C9-B92C-445A-99C7-371E058E767C}.Debug|Any CPU.ActiveCfg = Debug|Any CPU
		{2C2D61C9-B92C-445A-99C7-371E058E767C}.Debug|Any CPU.Build.0 = Debug|Any CPU
		{2C2D61C9-B92C-445A-99C7-371E058E767C}.Release|Any CPU.ActiveCfg = Release|Any CPU
		{2C2D61C9-B92C-445A-99C7-371E058E767C}.Release|Any CPU.Build.0 = Release|Any CPU
		{06F7F094-4143-4759-9705-C3B5FD5207C3}.Debug|Any CPU.ActiveCfg = Debug|Any CPU
		{06F7F094-4143-4759-9705-C3B5FD5207C3}.Debug|Any CPU.Build.0 = Debug|Any CPU
		{06F7F094-4143-4759-9705-C3B5FD5207C3}.Release|Any CPU.ActiveCfg = Release|Any CPU
		{06F7F094-4143-4759-9705-C3B5FD5207C3}.Release|Any CPU.Build.0 = Release|Any CPU
		{5F66C065-8C6E-4632-AC65-E900842B3641}.Debug|Any CPU.ActiveCfg = Debug|Any CPU
		{5F66C065-8C6E-4632-AC65-E900842B3641}.Debug|Any CPU.Build.0 = Debug|Any CPU
		{5F66C065-8C6E-4632-AC65-E900842B3641}.Release|Any CPU.ActiveCfg = Release|Any CPU
		{5F66C065-8C6E-4632-AC65-E900842B3641}.Release|Any CPU.Build.0 = Release|Any CPU
		{6AC900E4-0017-44F3-91A7-AFF85F0C7D25}.Debug|Any CPU.ActiveCfg = Debug|Any CPU
		{6AC900E4-0017-44F3-91A7-AFF85F0C7D25}.Debug|Any CPU.Build.0 = Debug|Any CPU
		{6AC900E4-0017-44F3-91A7-AFF85F0C7D25}.Release|Any CPU.ActiveCfg = Release|Any CPU
		{6AC900E4-0017-44F3-91A7-AFF85F0C7D25}.Release|Any CPU.Build.0 = Release|Any CPU
		{348A5C04-DF7D-4675-BD3D-FA971298DF72}.Debug|Any CPU.ActiveCfg = Debug|Any CPU
		{348A5C04-DF7D-4675-BD3D-FA971298DF72}.Debug|Any CPU.Build.0 = Debug|Any CPU
		{348A5C04-DF7D-4675-BD3D-FA971298DF72}.Release|Any CPU.ActiveCfg = Release|Any CPU
		{348A5C04-DF7D-4675-BD3D-FA971298DF72}.Release|Any CPU.Build.0 = Release|Any CPU
		{EF3B1563-5ABD-415C-80D8-6845FF92CB2F}.Debug|Any CPU.ActiveCfg = Debug|Any CPU
		{EF3B1563-5ABD-415C-80D8-6845FF92CB2F}.Debug|Any CPU.Build.0 = Debug|Any CPU
		{EF3B1563-5ABD-415C-80D8-6845FF92CB2F}.Release|Any CPU.ActiveCfg = Release|Any CPU
		{EF3B1563-5ABD-415C-80D8-6845FF92CB2F}.Release|Any CPU.Build.0 = Release|Any CPU
		{92BFEAB7-DA7D-4C60-92D0-B03AF210F586}.Debug|Any CPU.ActiveCfg = Debug|Any CPU
		{92BFEAB7-DA7D-4C60-92D0-B03AF210F586}.Debug|Any CPU.Build.0 = Debug|Any CPU
		{92BFEAB7-DA7D-4C60-92D0-B03AF210F586}.Release|Any CPU.ActiveCfg = Release|Any CPU
		{92BFEAB7-DA7D-4C60-92D0-B03AF210F586}.Release|Any CPU.Build.0 = Release|Any CPU
		{54497E66-21A9-4A17-951E-D3A5D5FB23F4}.Debug|Any CPU.ActiveCfg = Debug|Any CPU
		{54497E66-21A9-4A17-951E-D3A5D5FB23F4}.Debug|Any CPU.Build.0 = Debug|Any CPU
		{54497E66-21A9-4A17-951E-D3A5D5FB23F4}.Release|Any CPU.ActiveCfg = Release|Any CPU
		{54497E66-21A9-4A17-951E-D3A5D5FB23F4}.Release|Any CPU.Build.0 = Release|Any CPU
		{F7DB8F30-B206-4961-A6B8-D1E64D0F5F03}.Debug|Any CPU.ActiveCfg = Debug|Any CPU
		{F7DB8F30-B206-4961-A6B8-D1E64D0F5F03}.Debug|Any CPU.Build.0 = Debug|Any CPU
		{F7DB8F30-B206-4961-A6B8-D1E64D0F5F03}.Release|Any CPU.ActiveCfg = Release|Any CPU
		{F7DB8F30-B206-4961-A6B8-D1E64D0F5F03}.Release|Any CPU.Build.0 = Release|Any CPU
		{A5C03D83-A23A-4071-810F-5DCE3AE3F724}.Debug|Any CPU.ActiveCfg = Debug|Any CPU
		{A5C03D83-A23A-4071-810F-5DCE3AE3F724}.Debug|Any CPU.Build.0 = Debug|Any CPU
		{A5C03D83-A23A-4071-810F-5DCE3AE3F724}.Release|Any CPU.ActiveCfg = Release|Any CPU
		{A5C03D83-A23A-4071-810F-5DCE3AE3F724}.Release|Any CPU.Build.0 = Release|Any CPU
		{2099234D-2C8B-4BDE-8D5E-356D887CE02C}.Debug|Any CPU.ActiveCfg = Debug|Any CPU
		{2099234D-2C8B-4BDE-8D5E-356D887CE02C}.Debug|Any CPU.Build.0 = Debug|Any CPU
		{2099234D-2C8B-4BDE-8D5E-356D887CE02C}.Release|Any CPU.ActiveCfg = Release|Any CPU
		{2099234D-2C8B-4BDE-8D5E-356D887CE02C}.Release|Any CPU.Build.0 = Release|Any CPU
		{DE22E961-AABD-4C6D-90CF-19AAFC15291F}.Debug|Any CPU.ActiveCfg = Debug|Any CPU
		{DE22E961-AABD-4C6D-90CF-19AAFC15291F}.Debug|Any CPU.Build.0 = Debug|Any CPU
		{DE22E961-AABD-4C6D-90CF-19AAFC15291F}.Release|Any CPU.ActiveCfg = Release|Any CPU
		{DE22E961-AABD-4C6D-90CF-19AAFC15291F}.Release|Any CPU.Build.0 = Release|Any CPU
		{DD4767F1-90C8-4886-A80E-25D1CAE33F9E}.Debug|Any CPU.ActiveCfg = Debug|Any CPU
		{DD4767F1-90C8-4886-A80E-25D1CAE33F9E}.Debug|Any CPU.Build.0 = Debug|Any CPU
		{DD4767F1-90C8-4886-A80E-25D1CAE33F9E}.Release|Any CPU.ActiveCfg = Release|Any CPU
		{DD4767F1-90C8-4886-A80E-25D1CAE33F9E}.Release|Any CPU.Build.0 = Release|Any CPU
		{4299C23B-3ED2-4D04-9CF5-CEA4F6081AAB}.Debug|Any CPU.ActiveCfg = Debug|Any CPU
		{4299C23B-3ED2-4D04-9CF5-CEA4F6081AAB}.Debug|Any CPU.Build.0 = Debug|Any CPU
		{4299C23B-3ED2-4D04-9CF5-CEA4F6081AAB}.Release|Any CPU.ActiveCfg = Release|Any CPU
		{4299C23B-3ED2-4D04-9CF5-CEA4F6081AAB}.Release|Any CPU.Build.0 = Release|Any CPU
		{A0B0DEA4-B751-4D79-86F3-5EA03CB86BF0}.Debug|Any CPU.ActiveCfg = Debug|Any CPU
		{A0B0DEA4-B751-4D79-86F3-5EA03CB86BF0}.Debug|Any CPU.Build.0 = Debug|Any CPU
		{A0B0DEA4-B751-4D79-86F3-5EA03CB86BF0}.Release|Any CPU.ActiveCfg = Release|Any CPU
		{A0B0DEA4-B751-4D79-86F3-5EA03CB86BF0}.Release|Any CPU.Build.0 = Release|Any CPU
		{D0054B4D-07B0-4885-AEDF-74538E607242}.Debug|Any CPU.ActiveCfg = Debug|Any CPU
		{D0054B4D-07B0-4885-AEDF-74538E607242}.Debug|Any CPU.Build.0 = Debug|Any CPU
		{D0054B4D-07B0-4885-AEDF-74538E607242}.Release|Any CPU.ActiveCfg = Release|Any CPU
		{D0054B4D-07B0-4885-AEDF-74538E607242}.Release|Any CPU.Build.0 = Release|Any CPU
		{B8EF57C2-D33F-4EEB-987F-7BDB948C2ADF}.Debug|Any CPU.ActiveCfg = Debug|Any CPU
		{B8EF57C2-D33F-4EEB-987F-7BDB948C2ADF}.Debug|Any CPU.Build.0 = Debug|Any CPU
		{B8EF57C2-D33F-4EEB-987F-7BDB948C2ADF}.Release|Any CPU.ActiveCfg = Release|Any CPU
		{B8EF57C2-D33F-4EEB-987F-7BDB948C2ADF}.Release|Any CPU.Build.0 = Release|Any CPU
		{37BF967B-D1E4-47BD-93B4-5A64F70B08AB}.Debug|Any CPU.ActiveCfg = Debug|Any CPU
		{37BF967B-D1E4-47BD-93B4-5A64F70B08AB}.Debug|Any CPU.Build.0 = Debug|Any CPU
		{37BF967B-D1E4-47BD-93B4-5A64F70B08AB}.Release|Any CPU.ActiveCfg = Release|Any CPU
		{37BF967B-D1E4-47BD-93B4-5A64F70B08AB}.Release|Any CPU.Build.0 = Release|Any CPU
		{1261506C-4341-4161-BA5F-302F21495602}.Debug|Any CPU.ActiveCfg = Debug|Any CPU
		{1261506C-4341-4161-BA5F-302F21495602}.Debug|Any CPU.Build.0 = Debug|Any CPU
		{1261506C-4341-4161-BA5F-302F21495602}.Release|Any CPU.ActiveCfg = Release|Any CPU
		{1261506C-4341-4161-BA5F-302F21495602}.Release|Any CPU.Build.0 = Release|Any CPU
		{6B09AD29-881B-4B12-BE6E-65CE118F2BC6}.Debug|Any CPU.ActiveCfg = Debug|Any CPU
		{6B09AD29-881B-4B12-BE6E-65CE118F2BC6}.Debug|Any CPU.Build.0 = Debug|Any CPU
		{6B09AD29-881B-4B12-BE6E-65CE118F2BC6}.Release|Any CPU.ActiveCfg = Release|Any CPU
		{6B09AD29-881B-4B12-BE6E-65CE118F2BC6}.Release|Any CPU.Build.0 = Release|Any CPU
		{21B03D5B-619C-4975-9FA4-C2D6544538B2}.Debug|Any CPU.ActiveCfg = Debug|Any CPU
		{21B03D5B-619C-4975-9FA4-C2D6544538B2}.Debug|Any CPU.Build.0 = Debug|Any CPU
		{21B03D5B-619C-4975-9FA4-C2D6544538B2}.Release|Any CPU.ActiveCfg = Release|Any CPU
		{21B03D5B-619C-4975-9FA4-C2D6544538B2}.Release|Any CPU.Build.0 = Release|Any CPU
		{E15381D4-BFA8-4518-AD31-B3FD47AC8F41}.Debug|Any CPU.ActiveCfg = Debug|Any CPU
		{E15381D4-BFA8-4518-AD31-B3FD47AC8F41}.Debug|Any CPU.Build.0 = Debug|Any CPU
		{E15381D4-BFA8-4518-AD31-B3FD47AC8F41}.Release|Any CPU.ActiveCfg = Release|Any CPU
		{E15381D4-BFA8-4518-AD31-B3FD47AC8F41}.Release|Any CPU.Build.0 = Release|Any CPU
		{462D820A-38D3-4CE5-893D-A4B1794BE345}.Debug|Any CPU.ActiveCfg = Debug|Any CPU
		{462D820A-38D3-4CE5-893D-A4B1794BE345}.Debug|Any CPU.Build.0 = Debug|Any CPU
		{462D820A-38D3-4CE5-893D-A4B1794BE345}.Release|Any CPU.ActiveCfg = Release|Any CPU
		{462D820A-38D3-4CE5-893D-A4B1794BE345}.Release|Any CPU.Build.0 = Release|Any CPU
		{3FD4DC91-BB51-4016-8718-59952BE8AA3F}.Debug|Any CPU.ActiveCfg = Debug|Any CPU
		{3FD4DC91-BB51-4016-8718-59952BE8AA3F}.Debug|Any CPU.Build.0 = Debug|Any CPU
		{3FD4DC91-BB51-4016-8718-59952BE8AA3F}.Release|Any CPU.ActiveCfg = Release|Any CPU
		{3FD4DC91-BB51-4016-8718-59952BE8AA3F}.Release|Any CPU.Build.0 = Release|Any CPU
		{800CE72E-CD39-40EC-8CBE-23016E080EC0}.Debug|Any CPU.ActiveCfg = Debug|Any CPU
		{800CE72E-CD39-40EC-8CBE-23016E080EC0}.Debug|Any CPU.Build.0 = Debug|Any CPU
		{800CE72E-CD39-40EC-8CBE-23016E080EC0}.Release|Any CPU.ActiveCfg = Release|Any CPU
		{800CE72E-CD39-40EC-8CBE-23016E080EC0}.Release|Any CPU.Build.0 = Release|Any CPU
		{17F921C2-720D-4327-9B85-254AE9CFBACB}.Debug|Any CPU.ActiveCfg = Debug|Any CPU
		{17F921C2-720D-4327-9B85-254AE9CFBACB}.Debug|Any CPU.Build.0 = Debug|Any CPU
		{17F921C2-720D-4327-9B85-254AE9CFBACB}.Release|Any CPU.ActiveCfg = Release|Any CPU
		{17F921C2-720D-4327-9B85-254AE9CFBACB}.Release|Any CPU.Build.0 = Release|Any CPU
		{31960AB6-F182-41F1-B268-9C72B27FF9D2}.Debug|Any CPU.ActiveCfg = Debug|Any CPU
		{31960AB6-F182-41F1-B268-9C72B27FF9D2}.Debug|Any CPU.Build.0 = Debug|Any CPU
		{31960AB6-F182-41F1-B268-9C72B27FF9D2}.Release|Any CPU.ActiveCfg = Release|Any CPU
		{31960AB6-F182-41F1-B268-9C72B27FF9D2}.Release|Any CPU.Build.0 = Release|Any CPU
		{09E68D03-01A9-459C-9579-C729DFD882D7}.Debug|Any CPU.ActiveCfg = Debug|Any CPU
		{09E68D03-01A9-459C-9579-C729DFD882D7}.Debug|Any CPU.Build.0 = Debug|Any CPU
		{09E68D03-01A9-459C-9579-C729DFD882D7}.Release|Any CPU.ActiveCfg = Release|Any CPU
		{09E68D03-01A9-459C-9579-C729DFD882D7}.Release|Any CPU.Build.0 = Release|Any CPU
		{A5904C00-902B-40B2-9DD0-D2CD20834C1F}.Debug|Any CPU.ActiveCfg = Debug|Any CPU
		{A5904C00-902B-40B2-9DD0-D2CD20834C1F}.Debug|Any CPU.Build.0 = Debug|Any CPU
		{A5904C00-902B-40B2-9DD0-D2CD20834C1F}.Release|Any CPU.ActiveCfg = Release|Any CPU
		{A5904C00-902B-40B2-9DD0-D2CD20834C1F}.Release|Any CPU.Build.0 = Release|Any CPU
		{677ABE59-F67C-4383-A6E8-42946229DF8A}.Debug|Any CPU.ActiveCfg = Debug|Any CPU
		{677ABE59-F67C-4383-A6E8-42946229DF8A}.Debug|Any CPU.Build.0 = Debug|Any CPU
		{677ABE59-F67C-4383-A6E8-42946229DF8A}.Release|Any CPU.ActiveCfg = Release|Any CPU
		{677ABE59-F67C-4383-A6E8-42946229DF8A}.Release|Any CPU.Build.0 = Release|Any CPU
		{5AD81B36-CB78-47AB-B4A5-AB6086F9D7DD}.Debug|Any CPU.ActiveCfg = Debug|Any CPU
		{5AD81B36-CB78-47AB-B4A5-AB6086F9D7DD}.Debug|Any CPU.Build.0 = Debug|Any CPU
		{5AD81B36-CB78-47AB-B4A5-AB6086F9D7DD}.Release|Any CPU.ActiveCfg = Release|Any CPU
		{5AD81B36-CB78-47AB-B4A5-AB6086F9D7DD}.Release|Any CPU.Build.0 = Release|Any CPU
		{5C69FD11-E4E1-40F4-848F-C1EA83C1B278}.Debug|Any CPU.ActiveCfg = Debug|Any CPU
		{5C69FD11-E4E1-40F4-848F-C1EA83C1B278}.Debug|Any CPU.Build.0 = Debug|Any CPU
		{5C69FD11-E4E1-40F4-848F-C1EA83C1B278}.Release|Any CPU.ActiveCfg = Release|Any CPU
		{5C69FD11-E4E1-40F4-848F-C1EA83C1B278}.Release|Any CPU.Build.0 = Release|Any CPU
		{BC2A8C4A-1564-43E3-81EF-447B8AD7399E}.Debug|Any CPU.ActiveCfg = Debug|Any CPU
		{BC2A8C4A-1564-43E3-81EF-447B8AD7399E}.Debug|Any CPU.Build.0 = Debug|Any CPU
		{BC2A8C4A-1564-43E3-81EF-447B8AD7399E}.Release|Any CPU.ActiveCfg = Release|Any CPU
		{BC2A8C4A-1564-43E3-81EF-447B8AD7399E}.Release|Any CPU.Build.0 = Release|Any CPU
	EndGlobalSection
	GlobalSection(SolutionProperties) = preSolution
		HideSolutionNode = FALSE
	EndGlobalSection
	GlobalSection(ExtensibilityGlobals) = postSolution
		SolutionGuid = {1EAA0C57-7B2C-4806-88AF-51E9B0C4DED5}
	EndGlobalSection
EndGlobal
