
Microsoft Visual Studio Solution File, Format Version 12.00
# Visual Studio Version 17
VisualStudioVersion = 17.4.33122.133
MinimumVisualStudioVersion = 10.0.40219.1
Project("{FAE04EC0-301F-11D3-BF4B-00C04F79EFBC}") = "2", "2\2.csproj", "{73287BDA-6C86-4508-85C3-B43D1DCF300A}"
EndProject
Project("{FAE04EC0-301F-11D3-BF4B-00C04F79EFBC}") = "3", "3\3.csproj", "{1B4015D1-525B-4956-A757-6EFA2482D151}"
EndProject
Project("{FAE04EC0-301F-11D3-BF4B-00C04F79EFBC}") = "4", "4\4.csproj", "{7890D3EB-8CC6-49FB-BFA8-CA92F9D4E14C}"
EndProject
Project("{FAE04EC0-301F-11D3-BF4B-00C04F79EFBC}") = "5", "5\5.csproj", "{E11DCBA2-8B75-4C18-80AB-31AEB56D0043}"
EndProject
Project("{FAE04EC0-301F-11D3-BF4B-00C04F79EFBC}") = "6", "6\6.csproj", "{D829A268-8078-4CD6-8AFD-FDDDDC6CD85E}"
EndProject
Project("{FAE04EC0-301F-11D3-BF4B-00C04F79EFBC}") = "7", "7\7.csproj", "{BF381448-194E-46A8-98FA-231B2E8435AF}"
EndProject
Project("{FAE04EC0-301F-11D3-BF4B-00C04F79EFBC}") = "8", "8\8.csproj", "{60FE8C8B-FE08-4D5D-8B1A-CE1BE547849E}"
EndProject
Project("{FAE04EC0-301F-11D3-BF4B-00C04F79EFBC}") = "9", "9\9.csproj", "{27DBAA8D-84B5-4D78-9A8E-AAF6D94B3BC6}"
EndProject
Project("{FAE04EC0-301F-11D3-BF4B-00C04F79EFBC}") = "10", "10\10.csproj", "{1ED7D763-ACEA-4704-9F0B-3E4ED14EAC1B}"
EndProject
Project("{FAE04EC0-301F-11D3-BF4B-00C04F79EFBC}") = "11", "11\11.csproj", "{73636F8A-492A-47A8-8A3A-087A321D1A44}"
EndProject
Project("{FAE04EC0-301F-11D3-BF4B-00C04F79EFBC}") = "12", "12\12.csproj", "{9C1E0854-95D7-4944-9A4F-B281DD499840}"
EndProject
Project("{FAE04EC0-301F-11D3-BF4B-00C04F79EFBC}") = "13", "13\13.csproj", "{258CDC39-11BE-4EB4-A6B3-B88D9BD82622}"
EndProject
Project("{FAE04EC0-301F-11D3-BF4B-00C04F79EFBC}") = "14", "14\14.csproj", "{3389D77D-A8F7-4DC9-864D-6824CDC11FC2}"
EndProject
Project("{FAE04EC0-301F-11D3-BF4B-00C04F79EFBC}") = "15", "15\15.csproj", "{90170DD8-2CE2-48B3-933D-CFC53DAF2C9D}"
EndProject
Project("{FAE04EC0-301F-11D3-BF4B-00C04F79EFBC}") = "16", "16\16.csproj", "{D9234419-026C-4093-BD91-58ACFC787889}"
EndProject
Project("{FAE04EC0-301F-11D3-BF4B-00C04F79EFBC}") = "17", "17\17.csproj", "{C3088DAE-78AC-47B5-BDD1-9D54178A501E}"
EndProject
Project("{FAE04EC0-301F-11D3-BF4B-00C04F79EFBC}") = "18", "18\18.csproj", "{56BF41BE-A104-4E88-987A-601304B2896D}"
EndProject
Project("{FAE04EC0-301F-11D3-BF4B-00C04F79EFBC}") = "19", "19\19.csproj", "{7ABC667B-6CD5-4CE8-BA9E-B140C7B4450F}"
EndProject
Project("{FAE04EC0-301F-11D3-BF4B-00C04F79EFBC}") = "20", "20\20.csproj", "{9F6D2FCE-4FF9-4D59-A40B-D8EB4F275D88}"
EndProject
Project("{FAE04EC0-301F-11D3-BF4B-00C04F79EFBC}") = "21", "21\21.csproj", "{58B505F0-2926-4A9F-939F-0339BF9E3E2A}"
EndProject
Project("{FAE04EC0-301F-11D3-BF4B-00C04F79EFBC}") = "22", "22\22.csproj", "{6995B6EE-7637-4BBF-A83A-10D2B482C728}"
EndProject
Project("{FAE04EC0-301F-11D3-BF4B-00C04F79EFBC}") = "23", "23\23.csproj", "{D94CC087-87E6-4C8A-88AA-8CB80132E5F7}"
EndProject
Project("{FAE04EC0-301F-11D3-BF4B-00C04F79EFBC}") = "24", "24\24.csproj", "{66D81242-3B79-4C94-B5E5-A5AE1236B390}"
EndProject
Project("{FAE04EC0-301F-11D3-BF4B-00C04F79EFBC}") = "25", "25\25.csproj", "{3D72523C-70BD-4F87-82C9-230D6A3143C5}"
EndProject
Project("{FAE04EC0-301F-11D3-BF4B-00C04F79EFBC}") = "TratamentoErros", "TratamentoErros\TratamentoErros.csproj", "{30D2AF40-55AF-4185-8BC4-F32C700368CF}"
EndProject
Project("{FAE04EC0-301F-11D3-BF4B-00C04F79EFBC}") = "26", "26\26.csproj", "{1289D662-0394-42A6-A7CB-DC7873DC419F}"
EndProject
Project("{FAE04EC0-301F-11D3-BF4B-00C04F79EFBC}") = "27", "27\27.csproj", "{9E11755F-F87F-4F69-8500-694F30FEC584}"
EndProject
Project("{FAE04EC0-301F-11D3-BF4B-00C04F79EFBC}") = "28", "28\28.csproj", "{2575DBCE-E18A-4F04-8561-374667515B88}"
EndProject
Project("{FAE04EC0-301F-11D3-BF4B-00C04F79EFBC}") = "29", "29\29.csproj", "{FB542B43-B496-4F88-86E9-7D38846754B9}"
EndProject
Project("{FAE04EC0-301F-11D3-BF4B-00C04F79EFBC}") = "30", "30\30.csproj", "{8856B1A5-6857-4657-BE4B-AB6E43CFC03A}"
EndProject
Project("{FAE04EC0-301F-11D3-BF4B-00C04F79EFBC}") = "31", "31\31.csproj", "{95350377-5051-447A-9DA2-83ADDD18A6F6}"
EndProject
Project("{FAE04EC0-301F-11D3-BF4B-00C04F79EFBC}") = "32", "32\32.csproj", "{9F9D7118-6BA9-4D67-8B03-8DB779C40D9F}"
EndProject
Project("{FAE04EC0-301F-11D3-BF4B-00C04F79EFBC}") = "33", "33\33.csproj", "{0A300814-6DBE-4EFF-B2C7-7D17230BE8A3}"
EndProject
Project("{FAE04EC0-301F-11D3-BF4B-00C04F79EFBC}") = "34", "34\34.csproj", "{B87C5C41-9B9C-4865-A9E2-077DFDD5920C}"
EndProject
Project("{FAE04EC0-301F-11D3-BF4B-00C04F79EFBC}") = "35", "35\35.csproj", "{0FE2BDB4-39C5-4D09-B91C-18CE738DAE6F}"
EndProject
Project("{FAE04EC0-301F-11D3-BF4B-00C04F79EFBC}") = "36", "36\36.csproj", "{DB959279-4B95-4705-B6FE-A6B574B46C43}"
EndProject
Project("{FAE04EC0-301F-11D3-BF4B-00C04F79EFBC}") = "37", "37\37.csproj", "{CCAAD945-4A1D-4458-ACB7-359D921FF0F2}"
EndProject
Project("{FAE04EC0-301F-11D3-BF4B-00C04F79EFBC}") = "38", "38\38.csproj", "{A005A083-B950-4767-8E74-6B9D3807569C}"
EndProject
Project("{FAE04EC0-301F-11D3-BF4B-00C04F79EFBC}") = "39", "39\39.csproj", "{F6F316DD-4C69-425E-99ED-0F8F9AB5B648}"
EndProject
Project("{FAE04EC0-301F-11D3-BF4B-00C04F79EFBC}") = "40", "40\40.csproj", "{E9515821-2D27-44F6-BD5A-2AA40F440719}"
EndProject
Project("{FAE04EC0-301F-11D3-BF4B-00C04F79EFBC}") = "1", "1\1.csproj", "{02306B1B-1214-45F1-B1EB-521A7761D151}"
EndProject
Project("{FAE04EC0-301F-11D3-BF4B-00C04F79EFBC}") = "Vetor", "Vetor\Vetor.csproj", "{4FCA3494-40F3-469E-9328-9EA196B6C823}"
EndProject
Project("{FAE04EC0-301F-11D3-BF4B-00C04F79EFBC}") = "Loop", "Loop\Loop.csproj", "{0BFE72D2-1101-474D-BCAE-86F3332BD7EA}"
EndProject
Global
	GlobalSection(SolutionConfigurationPlatforms) = preSolution
		Debug|Any CPU = Debug|Any CPU
		Release|Any CPU = Release|Any CPU
	EndGlobalSection
	GlobalSection(ProjectConfigurationPlatforms) = postSolution
		{73287BDA-6C86-4508-85C3-B43D1DCF300A}.Debug|Any CPU.ActiveCfg = Debug|Any CPU
		{73287BDA-6C86-4508-85C3-B43D1DCF300A}.Debug|Any CPU.Build.0 = Debug|Any CPU
		{73287BDA-6C86-4508-85C3-B43D1DCF300A}.Release|Any CPU.ActiveCfg = Release|Any CPU
		{73287BDA-6C86-4508-85C3-B43D1DCF300A}.Release|Any CPU.Build.0 = Release|Any CPU
		{1B4015D1-525B-4956-A757-6EFA2482D151}.Debug|Any CPU.ActiveCfg = Debug|Any CPU
		{1B4015D1-525B-4956-A757-6EFA2482D151}.Debug|Any CPU.Build.0 = Debug|Any CPU
		{1B4015D1-525B-4956-A757-6EFA2482D151}.Release|Any CPU.ActiveCfg = Release|Any CPU
		{1B4015D1-525B-4956-A757-6EFA2482D151}.Release|Any CPU.Build.0 = Release|Any CPU
		{7890D3EB-8CC6-49FB-BFA8-CA92F9D4E14C}.Debug|Any CPU.ActiveCfg = Debug|Any CPU
		{7890D3EB-8CC6-49FB-BFA8-CA92F9D4E14C}.Debug|Any CPU.Build.0 = Debug|Any CPU
		{7890D3EB-8CC6-49FB-BFA8-CA92F9D4E14C}.Release|Any CPU.ActiveCfg = Release|Any CPU
		{7890D3EB-8CC6-49FB-BFA8-CA92F9D4E14C}.Release|Any CPU.Build.0 = Release|Any CPU
		{E11DCBA2-8B75-4C18-80AB-31AEB56D0043}.Debug|Any CPU.ActiveCfg = Debug|Any CPU
		{E11DCBA2-8B75-4C18-80AB-31AEB56D0043}.Debug|Any CPU.Build.0 = Debug|Any CPU
		{E11DCBA2-8B75-4C18-80AB-31AEB56D0043}.Release|Any CPU.ActiveCfg = Release|Any CPU
		{E11DCBA2-8B75-4C18-80AB-31AEB56D0043}.Release|Any CPU.Build.0 = Release|Any CPU
		{D829A268-8078-4CD6-8AFD-FDDDDC6CD85E}.Debug|Any CPU.ActiveCfg = Debug|Any CPU
		{D829A268-8078-4CD6-8AFD-FDDDDC6CD85E}.Debug|Any CPU.Build.0 = Debug|Any CPU
		{D829A268-8078-4CD6-8AFD-FDDDDC6CD85E}.Release|Any CPU.ActiveCfg = Release|Any CPU
		{D829A268-8078-4CD6-8AFD-FDDDDC6CD85E}.Release|Any CPU.Build.0 = Release|Any CPU
		{BF381448-194E-46A8-98FA-231B2E8435AF}.Debug|Any CPU.ActiveCfg = Debug|Any CPU
		{BF381448-194E-46A8-98FA-231B2E8435AF}.Debug|Any CPU.Build.0 = Debug|Any CPU
		{BF381448-194E-46A8-98FA-231B2E8435AF}.Release|Any CPU.ActiveCfg = Release|Any CPU
		{BF381448-194E-46A8-98FA-231B2E8435AF}.Release|Any CPU.Build.0 = Release|Any CPU
		{60FE8C8B-FE08-4D5D-8B1A-CE1BE547849E}.Debug|Any CPU.ActiveCfg = Debug|Any CPU
		{60FE8C8B-FE08-4D5D-8B1A-CE1BE547849E}.Debug|Any CPU.Build.0 = Debug|Any CPU
		{60FE8C8B-FE08-4D5D-8B1A-CE1BE547849E}.Release|Any CPU.ActiveCfg = Release|Any CPU
		{60FE8C8B-FE08-4D5D-8B1A-CE1BE547849E}.Release|Any CPU.Build.0 = Release|Any CPU
		{27DBAA8D-84B5-4D78-9A8E-AAF6D94B3BC6}.Debug|Any CPU.ActiveCfg = Debug|Any CPU
		{27DBAA8D-84B5-4D78-9A8E-AAF6D94B3BC6}.Debug|Any CPU.Build.0 = Debug|Any CPU
		{27DBAA8D-84B5-4D78-9A8E-AAF6D94B3BC6}.Release|Any CPU.ActiveCfg = Release|Any CPU
		{27DBAA8D-84B5-4D78-9A8E-AAF6D94B3BC6}.Release|Any CPU.Build.0 = Release|Any CPU
		{1ED7D763-ACEA-4704-9F0B-3E4ED14EAC1B}.Debug|Any CPU.ActiveCfg = Debug|Any CPU
		{1ED7D763-ACEA-4704-9F0B-3E4ED14EAC1B}.Debug|Any CPU.Build.0 = Debug|Any CPU
		{1ED7D763-ACEA-4704-9F0B-3E4ED14EAC1B}.Release|Any CPU.ActiveCfg = Release|Any CPU
		{1ED7D763-ACEA-4704-9F0B-3E4ED14EAC1B}.Release|Any CPU.Build.0 = Release|Any CPU
		{73636F8A-492A-47A8-8A3A-087A321D1A44}.Debug|Any CPU.ActiveCfg = Debug|Any CPU
		{73636F8A-492A-47A8-8A3A-087A321D1A44}.Debug|Any CPU.Build.0 = Debug|Any CPU
		{73636F8A-492A-47A8-8A3A-087A321D1A44}.Release|Any CPU.ActiveCfg = Release|Any CPU
		{73636F8A-492A-47A8-8A3A-087A321D1A44}.Release|Any CPU.Build.0 = Release|Any CPU
		{9C1E0854-95D7-4944-9A4F-B281DD499840}.Debug|Any CPU.ActiveCfg = Debug|Any CPU
		{9C1E0854-95D7-4944-9A4F-B281DD499840}.Debug|Any CPU.Build.0 = Debug|Any CPU
		{9C1E0854-95D7-4944-9A4F-B281DD499840}.Release|Any CPU.ActiveCfg = Release|Any CPU
		{9C1E0854-95D7-4944-9A4F-B281DD499840}.Release|Any CPU.Build.0 = Release|Any CPU
		{258CDC39-11BE-4EB4-A6B3-B88D9BD82622}.Debug|Any CPU.ActiveCfg = Debug|Any CPU
		{258CDC39-11BE-4EB4-A6B3-B88D9BD82622}.Debug|Any CPU.Build.0 = Debug|Any CPU
		{258CDC39-11BE-4EB4-A6B3-B88D9BD82622}.Release|Any CPU.ActiveCfg = Release|Any CPU
		{258CDC39-11BE-4EB4-A6B3-B88D9BD82622}.Release|Any CPU.Build.0 = Release|Any CPU
		{3389D77D-A8F7-4DC9-864D-6824CDC11FC2}.Debug|Any CPU.ActiveCfg = Debug|Any CPU
		{3389D77D-A8F7-4DC9-864D-6824CDC11FC2}.Debug|Any CPU.Build.0 = Debug|Any CPU
		{3389D77D-A8F7-4DC9-864D-6824CDC11FC2}.Release|Any CPU.ActiveCfg = Release|Any CPU
		{3389D77D-A8F7-4DC9-864D-6824CDC11FC2}.Release|Any CPU.Build.0 = Release|Any CPU
		{90170DD8-2CE2-48B3-933D-CFC53DAF2C9D}.Debug|Any CPU.ActiveCfg = Debug|Any CPU
		{90170DD8-2CE2-48B3-933D-CFC53DAF2C9D}.Debug|Any CPU.Build.0 = Debug|Any CPU
		{90170DD8-2CE2-48B3-933D-CFC53DAF2C9D}.Release|Any CPU.ActiveCfg = Release|Any CPU
		{90170DD8-2CE2-48B3-933D-CFC53DAF2C9D}.Release|Any CPU.Build.0 = Release|Any CPU
		{D9234419-026C-4093-BD91-58ACFC787889}.Debug|Any CPU.ActiveCfg = Debug|Any CPU
		{D9234419-026C-4093-BD91-58ACFC787889}.Debug|Any CPU.Build.0 = Debug|Any CPU
		{D9234419-026C-4093-BD91-58ACFC787889}.Release|Any CPU.ActiveCfg = Release|Any CPU
		{D9234419-026C-4093-BD91-58ACFC787889}.Release|Any CPU.Build.0 = Release|Any CPU
		{C3088DAE-78AC-47B5-BDD1-9D54178A501E}.Debug|Any CPU.ActiveCfg = Debug|Any CPU
		{C3088DAE-78AC-47B5-BDD1-9D54178A501E}.Debug|Any CPU.Build.0 = Debug|Any CPU
		{C3088DAE-78AC-47B5-BDD1-9D54178A501E}.Release|Any CPU.ActiveCfg = Release|Any CPU
		{C3088DAE-78AC-47B5-BDD1-9D54178A501E}.Release|Any CPU.Build.0 = Release|Any CPU
		{56BF41BE-A104-4E88-987A-601304B2896D}.Debug|Any CPU.ActiveCfg = Debug|Any CPU
		{56BF41BE-A104-4E88-987A-601304B2896D}.Debug|Any CPU.Build.0 = Debug|Any CPU
		{56BF41BE-A104-4E88-987A-601304B2896D}.Release|Any CPU.ActiveCfg = Release|Any CPU
		{56BF41BE-A104-4E88-987A-601304B2896D}.Release|Any CPU.Build.0 = Release|Any CPU
		{7ABC667B-6CD5-4CE8-BA9E-B140C7B4450F}.Debug|Any CPU.ActiveCfg = Debug|Any CPU
		{7ABC667B-6CD5-4CE8-BA9E-B140C7B4450F}.Debug|Any CPU.Build.0 = Debug|Any CPU
		{7ABC667B-6CD5-4CE8-BA9E-B140C7B4450F}.Release|Any CPU.ActiveCfg = Release|Any CPU
		{7ABC667B-6CD5-4CE8-BA9E-B140C7B4450F}.Release|Any CPU.Build.0 = Release|Any CPU
		{9F6D2FCE-4FF9-4D59-A40B-D8EB4F275D88}.Debug|Any CPU.ActiveCfg = Debug|Any CPU
		{9F6D2FCE-4FF9-4D59-A40B-D8EB4F275D88}.Debug|Any CPU.Build.0 = Debug|Any CPU
		{9F6D2FCE-4FF9-4D59-A40B-D8EB4F275D88}.Release|Any CPU.ActiveCfg = Release|Any CPU
		{9F6D2FCE-4FF9-4D59-A40B-D8EB4F275D88}.Release|Any CPU.Build.0 = Release|Any CPU
		{58B505F0-2926-4A9F-939F-0339BF9E3E2A}.Debug|Any CPU.ActiveCfg = Debug|Any CPU
		{58B505F0-2926-4A9F-939F-0339BF9E3E2A}.Debug|Any CPU.Build.0 = Debug|Any CPU
		{58B505F0-2926-4A9F-939F-0339BF9E3E2A}.Release|Any CPU.ActiveCfg = Release|Any CPU
		{58B505F0-2926-4A9F-939F-0339BF9E3E2A}.Release|Any CPU.Build.0 = Release|Any CPU
		{6995B6EE-7637-4BBF-A83A-10D2B482C728}.Debug|Any CPU.ActiveCfg = Debug|Any CPU
		{6995B6EE-7637-4BBF-A83A-10D2B482C728}.Debug|Any CPU.Build.0 = Debug|Any CPU
		{6995B6EE-7637-4BBF-A83A-10D2B482C728}.Release|Any CPU.ActiveCfg = Release|Any CPU
		{6995B6EE-7637-4BBF-A83A-10D2B482C728}.Release|Any CPU.Build.0 = Release|Any CPU
		{D94CC087-87E6-4C8A-88AA-8CB80132E5F7}.Debug|Any CPU.ActiveCfg = Debug|Any CPU
		{D94CC087-87E6-4C8A-88AA-8CB80132E5F7}.Debug|Any CPU.Build.0 = Debug|Any CPU
		{D94CC087-87E6-4C8A-88AA-8CB80132E5F7}.Release|Any CPU.ActiveCfg = Release|Any CPU
		{D94CC087-87E6-4C8A-88AA-8CB80132E5F7}.Release|Any CPU.Build.0 = Release|Any CPU
		{66D81242-3B79-4C94-B5E5-A5AE1236B390}.Debug|Any CPU.ActiveCfg = Debug|Any CPU
		{66D81242-3B79-4C94-B5E5-A5AE1236B390}.Debug|Any CPU.Build.0 = Debug|Any CPU
		{66D81242-3B79-4C94-B5E5-A5AE1236B390}.Release|Any CPU.ActiveCfg = Release|Any CPU
		{66D81242-3B79-4C94-B5E5-A5AE1236B390}.Release|Any CPU.Build.0 = Release|Any CPU
		{3D72523C-70BD-4F87-82C9-230D6A3143C5}.Debug|Any CPU.ActiveCfg = Debug|Any CPU
		{3D72523C-70BD-4F87-82C9-230D6A3143C5}.Debug|Any CPU.Build.0 = Debug|Any CPU
		{3D72523C-70BD-4F87-82C9-230D6A3143C5}.Release|Any CPU.ActiveCfg = Release|Any CPU
		{3D72523C-70BD-4F87-82C9-230D6A3143C5}.Release|Any CPU.Build.0 = Release|Any CPU
		{30D2AF40-55AF-4185-8BC4-F32C700368CF}.Debug|Any CPU.ActiveCfg = Debug|Any CPU
		{30D2AF40-55AF-4185-8BC4-F32C700368CF}.Debug|Any CPU.Build.0 = Debug|Any CPU
		{30D2AF40-55AF-4185-8BC4-F32C700368CF}.Release|Any CPU.ActiveCfg = Release|Any CPU
		{30D2AF40-55AF-4185-8BC4-F32C700368CF}.Release|Any CPU.Build.0 = Release|Any CPU
		{1289D662-0394-42A6-A7CB-DC7873DC419F}.Debug|Any CPU.ActiveCfg = Debug|Any CPU
		{1289D662-0394-42A6-A7CB-DC7873DC419F}.Debug|Any CPU.Build.0 = Debug|Any CPU
		{1289D662-0394-42A6-A7CB-DC7873DC419F}.Release|Any CPU.ActiveCfg = Release|Any CPU
		{1289D662-0394-42A6-A7CB-DC7873DC419F}.Release|Any CPU.Build.0 = Release|Any CPU
		{9E11755F-F87F-4F69-8500-694F30FEC584}.Debug|Any CPU.ActiveCfg = Debug|Any CPU
		{9E11755F-F87F-4F69-8500-694F30FEC584}.Debug|Any CPU.Build.0 = Debug|Any CPU
		{9E11755F-F87F-4F69-8500-694F30FEC584}.Release|Any CPU.ActiveCfg = Release|Any CPU
		{9E11755F-F87F-4F69-8500-694F30FEC584}.Release|Any CPU.Build.0 = Release|Any CPU
		{2575DBCE-E18A-4F04-8561-374667515B88}.Debug|Any CPU.ActiveCfg = Debug|Any CPU
		{2575DBCE-E18A-4F04-8561-374667515B88}.Debug|Any CPU.Build.0 = Debug|Any CPU
		{2575DBCE-E18A-4F04-8561-374667515B88}.Release|Any CPU.ActiveCfg = Release|Any CPU
		{2575DBCE-E18A-4F04-8561-374667515B88}.Release|Any CPU.Build.0 = Release|Any CPU
		{FB542B43-B496-4F88-86E9-7D38846754B9}.Debug|Any CPU.ActiveCfg = Debug|Any CPU
		{FB542B43-B496-4F88-86E9-7D38846754B9}.Debug|Any CPU.Build.0 = Debug|Any CPU
		{FB542B43-B496-4F88-86E9-7D38846754B9}.Release|Any CPU.ActiveCfg = Release|Any CPU
		{FB542B43-B496-4F88-86E9-7D38846754B9}.Release|Any CPU.Build.0 = Release|Any CPU
		{8856B1A5-6857-4657-BE4B-AB6E43CFC03A}.Debug|Any CPU.ActiveCfg = Debug|Any CPU
		{8856B1A5-6857-4657-BE4B-AB6E43CFC03A}.Debug|Any CPU.Build.0 = Debug|Any CPU
		{8856B1A5-6857-4657-BE4B-AB6E43CFC03A}.Release|Any CPU.ActiveCfg = Release|Any CPU
		{8856B1A5-6857-4657-BE4B-AB6E43CFC03A}.Release|Any CPU.Build.0 = Release|Any CPU
		{95350377-5051-447A-9DA2-83ADDD18A6F6}.Debug|Any CPU.ActiveCfg = Debug|Any CPU
		{95350377-5051-447A-9DA2-83ADDD18A6F6}.Debug|Any CPU.Build.0 = Debug|Any CPU
		{95350377-5051-447A-9DA2-83ADDD18A6F6}.Release|Any CPU.ActiveCfg = Release|Any CPU
		{95350377-5051-447A-9DA2-83ADDD18A6F6}.Release|Any CPU.Build.0 = Release|Any CPU
		{9F9D7118-6BA9-4D67-8B03-8DB779C40D9F}.Debug|Any CPU.ActiveCfg = Debug|Any CPU
		{9F9D7118-6BA9-4D67-8B03-8DB779C40D9F}.Debug|Any CPU.Build.0 = Debug|Any CPU
		{9F9D7118-6BA9-4D67-8B03-8DB779C40D9F}.Release|Any CPU.ActiveCfg = Release|Any CPU
		{9F9D7118-6BA9-4D67-8B03-8DB779C40D9F}.Release|Any CPU.Build.0 = Release|Any CPU
		{0A300814-6DBE-4EFF-B2C7-7D17230BE8A3}.Debug|Any CPU.ActiveCfg = Debug|Any CPU
		{0A300814-6DBE-4EFF-B2C7-7D17230BE8A3}.Debug|Any CPU.Build.0 = Debug|Any CPU
		{0A300814-6DBE-4EFF-B2C7-7D17230BE8A3}.Release|Any CPU.ActiveCfg = Release|Any CPU
		{0A300814-6DBE-4EFF-B2C7-7D17230BE8A3}.Release|Any CPU.Build.0 = Release|Any CPU
		{B87C5C41-9B9C-4865-A9E2-077DFDD5920C}.Debug|Any CPU.ActiveCfg = Debug|Any CPU
		{B87C5C41-9B9C-4865-A9E2-077DFDD5920C}.Debug|Any CPU.Build.0 = Debug|Any CPU
		{B87C5C41-9B9C-4865-A9E2-077DFDD5920C}.Release|Any CPU.ActiveCfg = Release|Any CPU
		{B87C5C41-9B9C-4865-A9E2-077DFDD5920C}.Release|Any CPU.Build.0 = Release|Any CPU
		{0FE2BDB4-39C5-4D09-B91C-18CE738DAE6F}.Debug|Any CPU.ActiveCfg = Debug|Any CPU
		{0FE2BDB4-39C5-4D09-B91C-18CE738DAE6F}.Debug|Any CPU.Build.0 = Debug|Any CPU
		{0FE2BDB4-39C5-4D09-B91C-18CE738DAE6F}.Release|Any CPU.ActiveCfg = Release|Any CPU
		{0FE2BDB4-39C5-4D09-B91C-18CE738DAE6F}.Release|Any CPU.Build.0 = Release|Any CPU
		{DB959279-4B95-4705-B6FE-A6B574B46C43}.Debug|Any CPU.ActiveCfg = Debug|Any CPU
		{DB959279-4B95-4705-B6FE-A6B574B46C43}.Debug|Any CPU.Build.0 = Debug|Any CPU
		{DB959279-4B95-4705-B6FE-A6B574B46C43}.Release|Any CPU.ActiveCfg = Release|Any CPU
		{DB959279-4B95-4705-B6FE-A6B574B46C43}.Release|Any CPU.Build.0 = Release|Any CPU
		{CCAAD945-4A1D-4458-ACB7-359D921FF0F2}.Debug|Any CPU.ActiveCfg = Debug|Any CPU
		{CCAAD945-4A1D-4458-ACB7-359D921FF0F2}.Debug|Any CPU.Build.0 = Debug|Any CPU
		{CCAAD945-4A1D-4458-ACB7-359D921FF0F2}.Release|Any CPU.ActiveCfg = Release|Any CPU
		{CCAAD945-4A1D-4458-ACB7-359D921FF0F2}.Release|Any CPU.Build.0 = Release|Any CPU
		{A005A083-B950-4767-8E74-6B9D3807569C}.Debug|Any CPU.ActiveCfg = Debug|Any CPU
		{A005A083-B950-4767-8E74-6B9D3807569C}.Debug|Any CPU.Build.0 = Debug|Any CPU
		{A005A083-B950-4767-8E74-6B9D3807569C}.Release|Any CPU.ActiveCfg = Release|Any CPU
		{A005A083-B950-4767-8E74-6B9D3807569C}.Release|Any CPU.Build.0 = Release|Any CPU
		{F6F316DD-4C69-425E-99ED-0F8F9AB5B648}.Debug|Any CPU.ActiveCfg = Debug|Any CPU
		{F6F316DD-4C69-425E-99ED-0F8F9AB5B648}.Debug|Any CPU.Build.0 = Debug|Any CPU
		{F6F316DD-4C69-425E-99ED-0F8F9AB5B648}.Release|Any CPU.ActiveCfg = Release|Any CPU
		{F6F316DD-4C69-425E-99ED-0F8F9AB5B648}.Release|Any CPU.Build.0 = Release|Any CPU
		{E9515821-2D27-44F6-BD5A-2AA40F440719}.Debug|Any CPU.ActiveCfg = Debug|Any CPU
		{E9515821-2D27-44F6-BD5A-2AA40F440719}.Debug|Any CPU.Build.0 = Debug|Any CPU
		{E9515821-2D27-44F6-BD5A-2AA40F440719}.Release|Any CPU.ActiveCfg = Release|Any CPU
		{E9515821-2D27-44F6-BD5A-2AA40F440719}.Release|Any CPU.Build.0 = Release|Any CPU
		{02306B1B-1214-45F1-B1EB-521A7761D151}.Debug|Any CPU.ActiveCfg = Debug|Any CPU
		{02306B1B-1214-45F1-B1EB-521A7761D151}.Debug|Any CPU.Build.0 = Debug|Any CPU
		{02306B1B-1214-45F1-B1EB-521A7761D151}.Release|Any CPU.ActiveCfg = Release|Any CPU
		{02306B1B-1214-45F1-B1EB-521A7761D151}.Release|Any CPU.Build.0 = Release|Any CPU
		{4FCA3494-40F3-469E-9328-9EA196B6C823}.Debug|Any CPU.ActiveCfg = Debug|Any CPU
		{4FCA3494-40F3-469E-9328-9EA196B6C823}.Debug|Any CPU.Build.0 = Debug|Any CPU
		{4FCA3494-40F3-469E-9328-9EA196B6C823}.Release|Any CPU.ActiveCfg = Release|Any CPU
		{4FCA3494-40F3-469E-9328-9EA196B6C823}.Release|Any CPU.Build.0 = Release|Any CPU
		{0BFE72D2-1101-474D-BCAE-86F3332BD7EA}.Debug|Any CPU.ActiveCfg = Debug|Any CPU
		{0BFE72D2-1101-474D-BCAE-86F3332BD7EA}.Debug|Any CPU.Build.0 = Debug|Any CPU
		{0BFE72D2-1101-474D-BCAE-86F3332BD7EA}.Release|Any CPU.ActiveCfg = Release|Any CPU
		{0BFE72D2-1101-474D-BCAE-86F3332BD7EA}.Release|Any CPU.Build.0 = Release|Any CPU
	EndGlobalSection
	GlobalSection(SolutionProperties) = preSolution
		HideSolutionNode = FALSE
	EndGlobalSection
	GlobalSection(ExtensibilityGlobals) = postSolution
		SolutionGuid = {1EAA0C57-7B2C-4806-88AF-51E9B0C4DED5}
	EndGlobalSection
EndGlobal
